
Microsoft Visual Studio Solution File, Format Version 12.00
# Visual Studio Version 16
VisualStudioVersion = 16.0.30717.126
MinimumVisualStudioVersion = 10.0.40219.1
Project("{8BC9CEB8-8B4A-11D0-8D11-00A0C91BC942}") = "İkizkenar Üçgen Yardımıyla Daire Alanı Hesaplama", "İkizkenar Üçgen Yardımıyla Daire Alanı Hesaplama\İkizkenar Üçgen Yardımıyla Daire Alanı Hesaplama.vcxproj", "{4A6616E4-A65C-44C3-9633-5CCBE946C14B}"
EndProject
Global
	GlobalSection(SolutionConfigurationPlatforms) = preSolution
		Debug|x64 = Debug|x64
		Debug|x86 = Debug|x86
		Release|x64 = Release|x64
		Release|x86 = Release|x86
	EndGlobalSection
	GlobalSection(ProjectConfigurationPlatforms) = postSolution
		{4A6616E4-A65C-44C3-9633-5CCBE946C14B}.Debug|x64.ActiveCfg = Debug|x64
		{4A6616E4-A65C-44C3-9633-5CCBE946C14B}.Debug|x64.Build.0 = Debug|x64
		{4A6616E4-A65C-44C3-9633-5CCBE946C14B}.Debug|x86.ActiveCfg = Debug|Win32
		{4A6616E4-A65C-44C3-9633-5CCBE946C14B}.Debug|x86.Build.0 = Debug|Win32
		{4A6616E4-A65C-44C3-9633-5CCBE946C14B}.Release|x64.ActiveCfg = Release|x64
		{4A6616E4-A65C-44C3-9633-5CCBE946C14B}.Release|x64.Build.0 = Release|x64
		{4A6616E4-A65C-44C3-9633-5CCBE946C14B}.Release|x86.ActiveCfg = Release|Win32
		{4A6616E4-A65C-44C3-9633-5CCBE946C14B}.Release|x86.Build.0 = Release|Win32
	EndGlobalSection
	GlobalSection(SolutionProperties) = preSolution
		HideSolutionNode = FALSE
	EndGlobalSection
	GlobalSection(ExtensibilityGlobals) = postSolution
		SolutionGuid = {A0F61D86-BC87-4A3C-A743-462755549DD3}
	EndGlobalSection
EndGlobal
